
Microsoft Visual Studio Solution File, Format Version 12.00
# Visual Studio 14
VisualStudioVersion = 14.0.23107.0
MinimumVisualStudioVersion = 10.0.40219.1
Project("{FAE04EC0-301F-11D3-BF4B-00C04F79EFBC}") = "UniversityRegistration", "UniversityRegistration\UniversityRegistration.csproj", "{32875B6B-BA8B-473A-8E76-3860A6533262}"
EndProject
Global
	GlobalSection(SolutionConfigurationPlatforms) = preSolution
		Debug|Any CPU = Debug|Any CPU
		Release|Any CPU = Release|Any CPU
	EndGlobalSection
	GlobalSection(ProjectConfigurationPlatforms) = postSolution
		{32875B6B-BA8B-473A-8E76-3860A6533262}.Debug|Any CPU.ActiveCfg = Debug|Any CPU
		{32875B6B-BA8B-473A-8E76-3860A6533262}.Debug|Any CPU.Build.0 = Debug|Any CPU
		{32875B6B-BA8B-473A-8E76-3860A6533262}.Release|Any CPU.ActiveCfg = Release|Any CPU
		{32875B6B-BA8B-473A-8E76-3860A6533262}.Release|Any CPU.Build.0 = Release|Any CPU
	EndGlobalSection
	GlobalSection(SolutionProperties) = preSolution
		HideSolutionNode = FALSE
	EndGlobalSection
EndGlobal
